# THIS IS AN AUTOGENERATED FILE. DO NOT EDIT THIS FILE DIRECTLY.
# yarn lockfile v1


"react-native-get-music-files@https://github.com/YajanaRao/react-native-get-music-files.git":
  version "2.1.0"
  resolved "https://github.com/YajanaRao/react-native-get-music-files.git#82cd7fa8400ce2aa3671fd3f5100a4d89e80f95d"
